// !$*UTF8*$!
{
	archiveVersion = 1;
	classes = {
	};
	objectVersion = 56;
	objects = {

/* Begin PBXBuildFile section */
		B6253A0D29354A9E0028EC7F /* SplitTransaction.swift in Sources */ = {isa = PBXBuildFile; fileRef = B6253A0C29354A9E0028EC7F /* SplitTransaction.swift */; };
		B63747CF292E733700A50615 /* EqualSharesSplitStrategy.swift in Sources */ = {isa = PBXBuildFile; fileRef = B63747CE292E733700A50615 /* EqualSharesSplitStrategy.swift */; };
		B63747D1292E771900A50615 /* ExactAmountSplitStrategy.swift in Sources */ = {isa = PBXBuildFile; fileRef = B63747D0292E771900A50615 /* ExactAmountSplitStrategy.swift */; };
		B63747D3292E813C00A50615 /* MonetaryAmountInputView.swift in Sources */ = {isa = PBXBuildFile; fileRef = B63747D2292E813C00A50615 /* MonetaryAmountInputView.swift */; };
		B67DE958292583F0008C6400 /* SplitWeasleyApp.swift in Sources */ = {isa = PBXBuildFile; fileRef = B67DE957292583F0008C6400 /* SplitWeasleyApp.swift */; };
		B67DE95C292583F1008C6400 /* Assets.xcassets in Resources */ = {isa = PBXBuildFile; fileRef = B67DE95B292583F1008C6400 /* Assets.xcassets */; };
		B67DE95F292583F1008C6400 /* Preview Assets.xcassets in Resources */ = {isa = PBXBuildFile; fileRef = B67DE95E292583F1008C6400 /* Preview Assets.xcassets */; };
		B67DE96B2925852B008C6400 /* TransactionScreenView.swift in Sources */ = {isa = PBXBuildFile; fileRef = B67DE96A2925852B008C6400 /* TransactionScreenView.swift */; };
		B67DE96F2925858C008C6400 /* PaidAndSplitBarView.swift in Sources */ = {isa = PBXBuildFile; fileRef = B67DE96E2925858C008C6400 /* PaidAndSplitBarView.swift */; };
		B67DE97129258B32008C6400 /* RoundButton.swift in Sources */ = {isa = PBXBuildFile; fileRef = B67DE97029258B32008C6400 /* RoundButton.swift */; };
		B67DE9742927E1BF008C6400 /* Person.swift in Sources */ = {isa = PBXBuildFile; fileRef = B67DE9732927E1BF008C6400 /* Person.swift */; };
		B67DE9782927EAE8008C6400 /* SplitGroup.swift in Sources */ = {isa = PBXBuildFile; fileRef = B67DE9772927EAE8008C6400 /* SplitGroup.swift */; };
		B67DE97C2927EBDC008C6400 /* Currency.swift in Sources */ = {isa = PBXBuildFile; fileRef = B67DE97B2927EBDC008C6400 /* Currency.swift */; };
		B67DE97E2928005A008C6400 /* MonetaryAmount.swift in Sources */ = {isa = PBXBuildFile; fileRef = B67DE97D2928005A008C6400 /* MonetaryAmount.swift */; };
		B67DE980292AB36A008C6400 /* SplitOptionsScreenView.swift in Sources */ = {isa = PBXBuildFile; fileRef = B67DE97F292AB36A008C6400 /* SplitOptionsScreenView.swift */; };
		B67DE983292AE025008C6400 /* ConfugurableListRowView.swift in Sources */ = {isa = PBXBuildFile; fileRef = B67DE982292AE025008C6400 /* ConfugurableListRowView.swift */; };
		B67DE985292AFE14008C6400 /* ISplitStrategy.swift in Sources */ = {isa = PBXBuildFile; fileRef = B67DE984292AFE14008C6400 /* ISplitStrategy.swift */; };
		B67DE987292C479A008C6400 /* Decimal+Rounded.swift in Sources */ = {isa = PBXBuildFile; fileRef = B67DE986292C479A008C6400 /* Decimal+Rounded.swift */; };
		B67DE98C292D77DD008C6400 /* LimitedFractionDigitInputProxy.swift in Sources */ = {isa = PBXBuildFile; fileRef = B67DE98B292D77DD008C6400 /* LimitedFractionDigitInputProxy.swift */; };
/* End PBXBuildFile section */

/* Begin PBXFileReference section */
		B6253A0C29354A9E0028EC7F /* SplitTransaction.swift */ = {isa = PBXFileReference; lastKnownFileType = sourcecode.swift; path = SplitTransaction.swift; sourceTree = "<group>"; };
		B63747CE292E733700A50615 /* EqualSharesSplitStrategy.swift */ = {isa = PBXFileReference; lastKnownFileType = sourcecode.swift; path = EqualSharesSplitStrategy.swift; sourceTree = "<group>"; };
		B63747D0292E771900A50615 /* ExactAmountSplitStrategy.swift */ = {isa = PBXFileReference; lastKnownFileType = sourcecode.swift; path = ExactAmountSplitStrategy.swift; sourceTree = "<group>"; };
		B63747D2292E813C00A50615 /* MonetaryAmountInputView.swift */ = {isa = PBXFileReference; lastKnownFileType = sourcecode.swift; path = MonetaryAmountInputView.swift; sourceTree = "<group>"; };
		B67DE954292583F0008C6400 /* SplitWeasley.app */ = {isa = PBXFileReference; explicitFileType = wrapper.application; includeInIndex = 0; path = SplitWeasley.app; sourceTree = BUILT_PRODUCTS_DIR; };
		B67DE957292583F0008C6400 /* SplitWeasleyApp.swift */ = {isa = PBXFileReference; lastKnownFileType = sourcecode.swift; path = SplitWeasleyApp.swift; sourceTree = "<group>"; };
		B67DE95B292583F1008C6400 /* Assets.xcassets */ = {isa = PBXFileReference; lastKnownFileType = folder.assetcatalog; path = Assets.xcassets; sourceTree = "<group>"; };
		B67DE95E292583F1008C6400 /* Preview Assets.xcassets */ = {isa = PBXFileReference; lastKnownFileType = folder.assetcatalog; path = "Preview Assets.xcassets"; sourceTree = "<group>"; };
		B67DE96A2925852B008C6400 /* TransactionScreenView.swift */ = {isa = PBXFileReference; lastKnownFileType = sourcecode.swift; path = TransactionScreenView.swift; sourceTree = "<group>"; };
		B67DE96E2925858C008C6400 /* PaidAndSplitBarView.swift */ = {isa = PBXFileReference; lastKnownFileType = sourcecode.swift; path = PaidAndSplitBarView.swift; sourceTree = "<group>"; };
		B67DE97029258B32008C6400 /* RoundButton.swift */ = {isa = PBXFileReference; lastKnownFileType = sourcecode.swift; path = RoundButton.swift; sourceTree = "<group>"; };
		B67DE9732927E1BF008C6400 /* Person.swift */ = {isa = PBXFileReference; lastKnownFileType = sourcecode.swift; path = Person.swift; sourceTree = "<group>"; };
		B67DE9772927EAE8008C6400 /* SplitGroup.swift */ = {isa = PBXFileReference; lastKnownFileType = sourcecode.swift; path = SplitGroup.swift; sourceTree = "<group>"; };
		B67DE97B2927EBDC008C6400 /* Currency.swift */ = {isa = PBXFileReference; lastKnownFileType = sourcecode.swift; path = Currency.swift; sourceTree = "<group>"; };
		B67DE97D2928005A008C6400 /* MonetaryAmount.swift */ = {isa = PBXFileReference; lastKnownFileType = sourcecode.swift; path = MonetaryAmount.swift; sourceTree = "<group>"; };
		B67DE97F292AB36A008C6400 /* SplitOptionsScreenView.swift */ = {isa = PBXFileReference; lastKnownFileType = sourcecode.swift; path = SplitOptionsScreenView.swift; sourceTree = "<group>"; };
		B67DE982292AE025008C6400 /* ConfugurableListRowView.swift */ = {isa = PBXFileReference; lastKnownFileType = sourcecode.swift; path = ConfugurableListRowView.swift; sourceTree = "<group>"; };
		B67DE984292AFE14008C6400 /* ISplitStrategy.swift */ = {isa = PBXFileReference; lastKnownFileType = sourcecode.swift; path = ISplitStrategy.swift; sourceTree = "<group>"; };
		B67DE986292C479A008C6400 /* Decimal+Rounded.swift */ = {isa = PBXFileReference; lastKnownFileType = sourcecode.swift; path = "Decimal+Rounded.swift"; sourceTree = "<group>"; };
		B67DE98B292D77DD008C6400 /* LimitedFractionDigitInputProxy.swift */ = {isa = PBXFileReference; lastKnownFileType = sourcecode.swift; path = LimitedFractionDigitInputProxy.swift; sourceTree = "<group>"; };
/* End PBXFileReference section */

/* Begin PBXFrameworksBuildPhase section */
		B67DE951292583F0008C6400 /* Frameworks */ = {
			isa = PBXFrameworksBuildPhase;
			buildActionMask = 2147483647;
			files = (
			);
			runOnlyForDeploymentPostprocessing = 0;
		};
/* End PBXFrameworksBuildPhase section */

/* Begin PBXGroup section */
		B63747CD292E731D00A50615 /* SplitStrategy */ = {
			isa = PBXGroup;
			children = (
				B67DE984292AFE14008C6400 /* ISplitStrategy.swift */,
				B63747CE292E733700A50615 /* EqualSharesSplitStrategy.swift */,
				B63747D0292E771900A50615 /* ExactAmountSplitStrategy.swift */,
			);
			path = SplitStrategy;
			sourceTree = "<group>";
		};
		B67DE94B292583F0008C6400 = {
			isa = PBXGroup;
			children = (
				B67DE956292583F0008C6400 /* SplitWeasley */,
				B67DE955292583F0008C6400 /* Products */,
			);
			sourceTree = "<group>";
		};
		B67DE955292583F0008C6400 /* Products */ = {
			isa = PBXGroup;
			children = (
				B67DE954292583F0008C6400 /* SplitWeasley.app */,
			);
			name = Products;
			sourceTree = "<group>";
		};
		B67DE956292583F0008C6400 /* SplitWeasley */ = {
			isa = PBXGroup;
			children = (
				B67DE9682925850F008C6400 /* App */,
				B67DE9722927E1B2008C6400 /* Model */,
				B67DE96629258505008C6400 /* UI */,
				B67DE989292C4BB7008C6400 /* Extensions */,
				B67DE965292584DB008C6400 /* Resources */,
				B67DE95D292583F1008C6400 /* Preview Content */,
			);
			path = SplitWeasley;
			sourceTree = "<group>";
		};
		B67DE95D292583F1008C6400 /* Preview Content */ = {
			isa = PBXGroup;
			children = (
				B67DE95E292583F1008C6400 /* Preview Assets.xcassets */,
			);
			path = "Preview Content";
			sourceTree = "<group>";
		};
		B67DE965292584DB008C6400 /* Resources */ = {
			isa = PBXGroup;
			children = (
				B67DE95B292583F1008C6400 /* Assets.xcassets */,
			);
			path = Resources;
			sourceTree = "<group>";
		};
		B67DE96629258505008C6400 /* UI */ = {
			isa = PBXGroup;
			children = (
				B67DE96C29258552008C6400 /* Screens */,
				B67DE96D29258575008C6400 /* Components */,
				B67DE981292ADFE0008C6400 /* Elements */,
				B67DE98A292D7755008C6400 /* Helpers */,
			);
			path = UI;
			sourceTree = "<group>";
		};
		B67DE9682925850F008C6400 /* App */ = {
			isa = PBXGroup;
			children = (
				B67DE957292583F0008C6400 /* SplitWeasleyApp.swift */,
			);
			path = App;
			sourceTree = "<group>";
		};
		B67DE96C29258552008C6400 /* Screens */ = {
			isa = PBXGroup;
			children = (
				B67DE96A2925852B008C6400 /* TransactionScreenView.swift */,
				B67DE97F292AB36A008C6400 /* SplitOptionsScreenView.swift */,
			);
			path = Screens;
			sourceTree = "<group>";
		};
		B67DE96D29258575008C6400 /* Components */ = {
			isa = PBXGroup;
			children = (
				B67DE96E2925858C008C6400 /* PaidAndSplitBarView.swift */,
			);
			path = Components;
			sourceTree = "<group>";
		};
		B67DE9722927E1B2008C6400 /* Model */ = {
			isa = PBXGroup;
			children = (
				B63747CD292E731D00A50615 /* SplitStrategy */,
				B67DE9732927E1BF008C6400 /* Person.swift */,
				B67DE9772927EAE8008C6400 /* SplitGroup.swift */,
				B67DE97B2927EBDC008C6400 /* Currency.swift */,
				B67DE97D2928005A008C6400 /* MonetaryAmount.swift */,
				B6253A0C29354A9E0028EC7F /* SplitTransaction.swift */,
			);
			path = Model;
			sourceTree = "<group>";
		};
		B67DE981292ADFE0008C6400 /* Elements */ = {
			isa = PBXGroup;
			children = (
				B67DE97029258B32008C6400 /* RoundButton.swift */,
				B67DE982292AE025008C6400 /* ConfugurableListRowView.swift */,
				B63747D2292E813C00A50615 /* MonetaryAmountInputView.swift */,
			);
			path = Elements;
			sourceTree = "<group>";
		};
		B67DE989292C4BB7008C6400 /* Extensions */ = {
			isa = PBXGroup;
			children = (
				B67DE986292C479A008C6400 /* Decimal+Rounded.swift */,
			);
			path = Extensions;
			sourceTree = "<group>";
		};
		B67DE98A292D7755008C6400 /* Helpers */ = {
			isa = PBXGroup;
			children = (
				B67DE98B292D77DD008C6400 /* LimitedFractionDigitInputProxy.swift */,
			);
			path = Helpers;
			sourceTree = "<group>";
		};
/* End PBXGroup section */

/* Begin PBXNativeTarget section */
		B67DE953292583F0008C6400 /* SplitWeasley */ = {
			isa = PBXNativeTarget;
			buildConfigurationList = B67DE962292583F1008C6400 /* Build configuration list for PBXNativeTarget "SplitWeasley" */;
			buildPhases = (
				B67DE950292583F0008C6400 /* Sources */,
				B67DE951292583F0008C6400 /* Frameworks */,
				B67DE952292583F0008C6400 /* Resources */,
			);
			buildRules = (
			);
			dependencies = (
			);
			name = SplitWeasley;
			productName = SplitWeasley;
			productReference = B67DE954292583F0008C6400 /* SplitWeasley.app */;
			productType = "com.apple.product-type.application";
		};
/* End PBXNativeTarget section */

/* Begin PBXProject section */
		B67DE94C292583F0008C6400 /* Project object */ = {
			isa = PBXProject;
			attributes = {
				BuildIndependentTargetsInParallel = 1;
				LastSwiftUpdateCheck = 1410;
				LastUpgradeCheck = 1410;
				TargetAttributes = {
					B67DE953292583F0008C6400 = {
						CreatedOnToolsVersion = 14.1;
					};
				};
			};
			buildConfigurationList = B67DE94F292583F0008C6400 /* Build configuration list for PBXProject "SplitWeasley" */;
			compatibilityVersion = "Xcode 14.0";
			developmentRegion = en;
			hasScannedForEncodings = 0;
			knownRegions = (
				en,
				Base,
			);
			mainGroup = B67DE94B292583F0008C6400;
			productRefGroup = B67DE955292583F0008C6400 /* Products */;
			projectDirPath = "";
			projectRoot = "";
			targets = (
				B67DE953292583F0008C6400 /* SplitWeasley */,
			);
		};
/* End PBXProject section */

/* Begin PBXResourcesBuildPhase section */
		B67DE952292583F0008C6400 /* Resources */ = {
			isa = PBXResourcesBuildPhase;
			buildActionMask = 2147483647;
			files = (
				B67DE95F292583F1008C6400 /* Preview Assets.xcassets in Resources */,
				B67DE95C292583F1008C6400 /* Assets.xcassets in Resources */,
			);
			runOnlyForDeploymentPostprocessing = 0;
		};
/* End PBXResourcesBuildPhase section */

/* Begin PBXSourcesBuildPhase section */
		B67DE950292583F0008C6400 /* Sources */ = {
			isa = PBXSourcesBuildPhase;
			buildActionMask = 2147483647;
			files = (
				B67DE9782927EAE8008C6400 /* SplitGroup.swift in Sources */,
				B67DE987292C479A008C6400 /* Decimal+Rounded.swift in Sources */,
				B67DE9742927E1BF008C6400 /* Person.swift in Sources */,
				B63747D1292E771900A50615 /* ExactAmountSplitStrategy.swift in Sources */,
				B67DE97E2928005A008C6400 /* MonetaryAmount.swift in Sources */,
				B67DE980292AB36A008C6400 /* SplitOptionsScreenView.swift in Sources */,
				B67DE97129258B32008C6400 /* RoundButton.swift in Sources */,
				B6253A0D29354A9E0028EC7F /* SplitTransaction.swift in Sources */,
				B63747D3292E813C00A50615 /* MonetaryAmountInputView.swift in Sources */,
				B67DE958292583F0008C6400 /* SplitWeasleyApp.swift in Sources */,
				B67DE98C292D77DD008C6400 /* LimitedFractionDigitInputProxy.swift in Sources */,
				B63747CF292E733700A50615 /* EqualSharesSplitStrategy.swift in Sources */,
				B67DE96B2925852B008C6400 /* TransactionScreenView.swift in Sources */,
				B67DE97C2927EBDC008C6400 /* Currency.swift in Sources */,
				B67DE983292AE025008C6400 /* ConfugurableListRowView.swift in Sources */,
				B67DE985292AFE14008C6400 /* ISplitStrategy.swift in Sources */,
				B67DE96F2925858C008C6400 /* PaidAndSplitBarView.swift in Sources */,
			);
			runOnlyForDeploymentPostprocessing = 0;
		};
/* End PBXSourcesBuildPhase section */

/* Begin XCBuildConfiguration section */
		B67DE960292583F1008C6400 /* Debug */ = {
			isa = XCBuildConfiguration;
			buildSettings = {
				ALWAYS_SEARCH_USER_PATHS = NO;
				CLANG_ANALYZER_NONNULL = YES;
				CLANG_ANALYZER_NUMBER_OBJECT_CONVERSION = YES_AGGRESSIVE;
				CLANG_CXX_LANGUAGE_STANDARD = "gnu++20";
				CLANG_ENABLE_MODULES = YES;
				CLANG_ENABLE_OBJC_ARC = YES;
				CLANG_ENABLE_OBJC_WEAK = YES;
				CLANG_WARN_BLOCK_CAPTURE_AUTORELEASING = YES;
				CLANG_WARN_BOOL_CONVERSION = YES;
				CLANG_WARN_COMMA = YES;
				CLANG_WARN_CONSTANT_CONVERSION = YES;
				CLANG_WARN_DEPRECATED_OBJC_IMPLEMENTATIONS = YES;
				CLANG_WARN_DIRECT_OBJC_ISA_USAGE = YES_ERROR;
				CLANG_WARN_DOCUMENTATION_COMMENTS = YES;
				CLANG_WARN_EMPTY_BODY = YES;
				CLANG_WARN_ENUM_CONVERSION = YES;
				CLANG_WARN_INFINITE_RECURSION = YES;
				CLANG_WARN_INT_CONVERSION = YES;
				CLANG_WARN_NON_LITERAL_NULL_CONVERSION = YES;
				CLANG_WARN_OBJC_IMPLICIT_RETAIN_SELF = YES;
				CLANG_WARN_OBJC_LITERAL_CONVERSION = YES;
				CLANG_WARN_OBJC_ROOT_CLASS = YES_ERROR;
				CLANG_WARN_QUOTED_INCLUDE_IN_FRAMEWORK_HEADER = YES;
				CLANG_WARN_RANGE_LOOP_ANALYSIS = YES;
				CLANG_WARN_STRICT_PROTOTYPES = YES;
				CLANG_WARN_SUSPICIOUS_MOVE = YES;
				CLANG_WARN_UNGUARDED_AVAILABILITY = YES_AGGRESSIVE;
				CLANG_WARN_UNREACHABLE_CODE = YES;
				CLANG_WARN__DUPLICATE_METHOD_MATCH = YES;
				COPY_PHASE_STRIP = NO;
				DEBUG_INFORMATION_FORMAT = dwarf;
				ENABLE_STRICT_OBJC_MSGSEND = YES;
				ENABLE_TESTABILITY = YES;
				GCC_C_LANGUAGE_STANDARD = gnu11;
				GCC_DYNAMIC_NO_PIC = NO;
				GCC_NO_COMMON_BLOCKS = YES;
				GCC_OPTIMIZATION_LEVEL = 0;
				GCC_PREPROCESSOR_DEFINITIONS = (
					"DEBUG=1",
					"$(inherited)",
				);
				GCC_WARN_64_TO_32_BIT_CONVERSION = YES;
				GCC_WARN_ABOUT_RETURN_TYPE = YES_ERROR;
				GCC_WARN_UNDECLARED_SELECTOR = YES;
				GCC_WARN_UNINITIALIZED_AUTOS = YES_AGGRESSIVE;
				GCC_WARN_UNUSED_FUNCTION = YES;
				GCC_WARN_UNUSED_VARIABLE = YES;
				IPHONEOS_DEPLOYMENT_TARGET = 16.1;
				MTL_ENABLE_DEBUG_INFO = INCLUDE_SOURCE;
				MTL_FAST_MATH = YES;
				ONLY_ACTIVE_ARCH = YES;
				SDKROOT = iphoneos;
				SWIFT_ACTIVE_COMPILATION_CONDITIONS = DEBUG;
				SWIFT_OPTIMIZATION_LEVEL = "-Onone";
			};
			name = Debug;
		};
		B67DE961292583F1008C6400 /* Release */ = {
			isa = XCBuildConfiguration;
			buildSettings = {
				ALWAYS_SEARCH_USER_PATHS = NO;
				CLANG_ANALYZER_NONNULL = YES;
				CLANG_ANALYZER_NUMBER_OBJECT_CONVERSION = YES_AGGRESSIVE;
				CLANG_CXX_LANGUAGE_STANDARD = "gnu++20";
				CLANG_ENABLE_MODULES = YES;
				CLANG_ENABLE_OBJC_ARC = YES;
				CLANG_ENABLE_OBJC_WEAK = YES;
				CLANG_WARN_BLOCK_CAPTURE_AUTORELEASING = YES;
				CLANG_WARN_BOOL_CONVERSION = YES;
				CLANG_WARN_COMMA = YES;
				CLANG_WARN_CONSTANT_CONVERSION = YES;
				CLANG_WARN_DEPRECATED_OBJC_IMPLEMENTATIONS = YES;
				CLANG_WARN_DIRECT_OBJC_ISA_USAGE = YES_ERROR;
				CLANG_WARN_DOCUMENTATION_COMMENTS = YES;
				CLANG_WARN_EMPTY_BODY = YES;
				CLANG_WARN_ENUM_CONVERSION = YES;
				CLANG_WARN_INFINITE_RECURSION = YES;
				CLANG_WARN_INT_CONVERSION = YES;
				CLANG_WARN_NON_LITERAL_NULL_CONVERSION = YES;
				CLANG_WARN_OBJC_IMPLICIT_RETAIN_SELF = YES;
				CLANG_WARN_OBJC_LITERAL_CONVERSION = YES;
				CLANG_WARN_OBJC_ROOT_CLASS = YES_ERROR;
				CLANG_WARN_QUOTED_INCLUDE_IN_FRAMEWORK_HEADER = YES;
				CLANG_WARN_RANGE_LOOP_ANALYSIS = YES;
				CLANG_WARN_STRICT_PROTOTYPES = YES;
				CLANG_WARN_SUSPICIOUS_MOVE = YES;
				CLANG_WARN_UNGUARDED_AVAILABILITY = YES_AGGRESSIVE;
				CLANG_WARN_UNREACHABLE_CODE = YES;
				CLANG_WARN__DUPLICATE_METHOD_MATCH = YES;
				COPY_PHASE_STRIP = NO;
				DEBUG_INFORMATION_FORMAT = "dwarf-with-dsym";
				ENABLE_NS_ASSERTIONS = NO;
				ENABLE_STRICT_OBJC_MSGSEND = YES;
				GCC_C_LANGUAGE_STANDARD = gnu11;
				GCC_NO_COMMON_BLOCKS = YES;
				GCC_WARN_64_TO_32_BIT_CONVERSION = YES;
				GCC_WARN_ABOUT_RETURN_TYPE = YES_ERROR;
				GCC_WARN_UNDECLARED_SELECTOR = YES;
				GCC_WARN_UNINITIALIZED_AUTOS = YES_AGGRESSIVE;
				GCC_WARN_UNUSED_FUNCTION = YES;
				GCC_WARN_UNUSED_VARIABLE = YES;
				IPHONEOS_DEPLOYMENT_TARGET = 16.1;
				MTL_ENABLE_DEBUG_INFO = NO;
				MTL_FAST_MATH = YES;
				SDKROOT = iphoneos;
				SWIFT_COMPILATION_MODE = wholemodule;
				SWIFT_OPTIMIZATION_LEVEL = "-O";
				VALIDATE_PRODUCT = YES;
			};
			name = Release;
		};
		B67DE963292583F1008C6400 /* Debug */ = {
			isa = XCBuildConfiguration;
			buildSettings = {
				ASSETCATALOG_COMPILER_APPICON_NAME = AppIcon;
				ASSETCATALOG_COMPILER_GLOBAL_ACCENT_COLOR_NAME = AccentColor;
				CODE_SIGN_STYLE = Automatic;
				CURRENT_PROJECT_VERSION = 1;
				DEVELOPMENT_ASSET_PATHS = "\"SplitWeasley/Preview Content\"";
				DEVELOPMENT_TEAM = V4YFFJ2V7Y;
				ENABLE_PREVIEWS = YES;
				GENERATE_INFOPLIST_FILE = YES;
				INFOPLIST_KEY_UIApplicationSceneManifest_Generation = YES;
				INFOPLIST_KEY_UIApplicationSupportsIndirectInputEvents = YES;
				INFOPLIST_KEY_UILaunchScreen_Generation = YES;
				INFOPLIST_KEY_UISupportedInterfaceOrientations_iPad = "UIInterfaceOrientationPortrait UIInterfaceOrientationPortraitUpsideDown UIInterfaceOrientationLandscapeLeft UIInterfaceOrientationLandscapeRight";
				INFOPLIST_KEY_UISupportedInterfaceOrientations_iPhone = "UIInterfaceOrientationPortrait UIInterfaceOrientationLandscapeLeft UIInterfaceOrientationLandscapeRight";
				LD_RUNPATH_SEARCH_PATHS = (
					"$(inherited)",
					"@executable_path/Frameworks",
				);
				MARKETING_VERSION = 1.0;
				PRODUCT_BUNDLE_IDENTIFIER = com.myra5hik.SplitWeasley;
				PRODUCT_NAME = "$(TARGET_NAME)";
				SWIFT_EMIT_LOC_STRINGS = YES;
				SWIFT_VERSION = 5.0;
				TARGETED_DEVICE_FAMILY = "1,2";
			};
			name = Debug;
		};
		B67DE964292583F1008C6400 /* Release */ = {
			isa = XCBuildConfiguration;
			buildSettings = {
				ASSETCATALOG_COMPILER_APPICON_NAME = AppIcon;
				ASSETCATALOG_COMPILER_GLOBAL_ACCENT_COLOR_NAME = AccentColor;
				CODE_SIGN_STYLE = Automatic;
				CURRENT_PROJECT_VERSION = 1;
				DEVELOPMENT_ASSET_PATHS = "\"SplitWeasley/Preview Content\"";
				DEVELOPMENT_TEAM = V4YFFJ2V7Y;
				ENABLE_PREVIEWS = YES;
				GENERATE_INFOPLIST_FILE = YES;
				INFOPLIST_KEY_UIApplicationSceneManifest_Generation = YES;
				INFOPLIST_KEY_UIApplicationSupportsIndirectInputEvents = YES;
				INFOPLIST_KEY_UILaunchScreen_Generation = YES;
				INFOPLIST_KEY_UISupportedInterfaceOrientations_iPad = "UIInterfaceOrientationPortrait UIInterfaceOrientationPortraitUpsideDown UIInterfaceOrientationLandscapeLeft UIInterfaceOrientationLandscapeRight";
				INFOPLIST_KEY_UISupportedInterfaceOrientations_iPhone = "UIInterfaceOrientationPortrait UIInterfaceOrientationLandscapeLeft UIInterfaceOrientationLandscapeRight";
				LD_RUNPATH_SEARCH_PATHS = (
					"$(inherited)",
					"@executable_path/Frameworks",
				);
				MARKETING_VERSION = 1.0;
				PRODUCT_BUNDLE_IDENTIFIER = com.myra5hik.SplitWeasley;
				PRODUCT_NAME = "$(TARGET_NAME)";
				SWIFT_EMIT_LOC_STRINGS = YES;
				SWIFT_VERSION = 5.0;
				TARGETED_DEVICE_FAMILY = "1,2";
			};
			name = Release;
		};
/* End XCBuildConfiguration section */

/* Begin XCConfigurationList section */
		B67DE94F292583F0008C6400 /* Build configuration list for PBXProject "SplitWeasley" */ = {
			isa = XCConfigurationList;
			buildConfigurations = (
				B67DE960292583F1008C6400 /* Debug */,
				B67DE961292583F1008C6400 /* Release */,
			);
			defaultConfigurationIsVisible = 0;
			defaultConfigurationName = Release;
		};
		B67DE962292583F1008C6400 /* Build configuration list for PBXNativeTarget "SplitWeasley" */ = {
			isa = XCConfigurationList;
			buildConfigurations = (
				B67DE963292583F1008C6400 /* Debug */,
				B67DE964292583F1008C6400 /* Release */,
			);
			defaultConfigurationIsVisible = 0;
			defaultConfigurationName = Release;
		};
/* End XCConfigurationList section */
	};
	rootObject = B67DE94C292583F0008C6400 /* Project object */;
}
